// !$*UTF8*$!
{
	archiveVersion = 1;
	classes = {
	};
	objectVersion = 48;
	objects = {

/* Begin PBXBuildFile section */
		ED0ABEF31FC7EBA200A3B370 /* AppDelegate.swift in Sources */ = {isa = PBXBuildFile; fileRef = ED0ABEF21FC7EBA200A3B370 /* AppDelegate.swift */; };
		ED0ABEF51FC7EBA200A3B370 /* ViewController.swift in Sources */ = {isa = PBXBuildFile; fileRef = ED0ABEF41FC7EBA200A3B370 /* ViewController.swift */; };
		ED0ABEF81FC7EBA200A3B370 /* Main.storyboard in Resources */ = {isa = PBXBuildFile; fileRef = ED0ABEF61FC7EBA200A3B370 /* Main.storyboard */; };
		ED0ABEFB1FC7EBA200A3B370 /* PeekPop.xcdatamodeld in Sources */ = {isa = PBXBuildFile; fileRef = ED0ABEF91FC7EBA200A3B370 /* PeekPop.xcdatamodeld */; };
		ED0ABEFD1FC7EBA200A3B370 /* Assets.xcassets in Resources */ = {isa = PBXBuildFile; fileRef = ED0ABEFC1FC7EBA200A3B370 /* Assets.xcassets */; };
		ED0ABF001FC7EBA200A3B370 /* LaunchScreen.storyboard in Resources */ = {isa = PBXBuildFile; fileRef = ED0ABEFE1FC7EBA200A3B370 /* LaunchScreen.storyboard */; };
		ED0ABF0B1FC7EBA300A3B370 /* PeekPopTests.swift in Sources */ = {isa = PBXBuildFile; fileRef = ED0ABF0A1FC7EBA300A3B370 /* PeekPopTests.swift */; };
		ED0ABF161FC7EBA300A3B370 /* PeekPopUITests.swift in Sources */ = {isa = PBXBuildFile; fileRef = ED0ABF151FC7EBA300A3B370 /* PeekPopUITests.swift */; };
/* End PBXBuildFile section */

/* Begin PBXContainerItemProxy section */
		ED0ABF071FC7EBA300A3B370 /* PBXContainerItemProxy */ = {
			isa = PBXContainerItemProxy;
			containerPortal = ED0ABEE71FC7EBA200A3B370 /* Project object */;
			proxyType = 1;
			remoteGlobalIDString = ED0ABEEE1FC7EBA200A3B370;
			remoteInfo = PeekPop;
		};
		ED0ABF121FC7EBA300A3B370 /* PBXContainerItemProxy */ = {
			isa = PBXContainerItemProxy;
			containerPortal = ED0ABEE71FC7EBA200A3B370 /* Project object */;
			proxyType = 1;
			remoteGlobalIDString = ED0ABEEE1FC7EBA200A3B370;
			remoteInfo = PeekPop;
		};
/* End PBXContainerItemProxy section */

/* Begin PBXFileReference section */
		ED0ABEEF1FC7EBA200A3B370 /* PeekPop.app */ = {isa = PBXFileReference; explicitFileType = wrapper.application; includeInIndex = 0; path = PeekPop.app; sourceTree = BUILT_PRODUCTS_DIR; };
		ED0ABEF21FC7EBA200A3B370 /* AppDelegate.swift */ = {isa = PBXFileReference; lastKnownFileType = sourcecode.swift; path = AppDelegate.swift; sourceTree = "<group>"; };
		ED0ABEF41FC7EBA200A3B370 /* ViewController.swift */ = {isa = PBXFileReference; lastKnownFileType = sourcecode.swift; path = ViewController.swift; sourceTree = "<group>"; };
		ED0ABEF71FC7EBA200A3B370 /* Base */ = {isa = PBXFileReference; lastKnownFileType = file.storyboard; name = Base; path = Base.lproj/Main.storyboard; sourceTree = "<group>"; };
		ED0ABEFA1FC7EBA200A3B370 /* PeekPop.xcdatamodel */ = {isa = PBXFileReference; lastKnownFileType = wrapper.xcdatamodel; path = PeekPop.xcdatamodel; sourceTree = "<group>"; };
		ED0ABEFC1FC7EBA200A3B370 /* Assets.xcassets */ = {isa = PBXFileReference; lastKnownFileType = folder.assetcatalog; path = Assets.xcassets; sourceTree = "<group>"; };
		ED0ABEFF1FC7EBA200A3B370 /* Base */ = {isa = PBXFileReference; lastKnownFileType = file.storyboard; name = Base; path = Base.lproj/LaunchScreen.storyboard; sourceTree = "<group>"; };
		ED0ABF011FC7EBA200A3B370 /* Info.plist */ = {isa = PBXFileReference; lastKnownFileType = text.plist.xml; path = Info.plist; sourceTree = "<group>"; };
		ED0ABF061FC7EBA300A3B370 /* PeekPopTests.xctest */ = {isa = PBXFileReference; explicitFileType = wrapper.cfbundle; includeInIndex = 0; path = PeekPopTests.xctest; sourceTree = BUILT_PRODUCTS_DIR; };
		ED0ABF0A1FC7EBA300A3B370 /* PeekPopTests.swift */ = {isa = PBXFileReference; lastKnownFileType = sourcecode.swift; path = PeekPopTests.swift; sourceTree = "<group>"; };
		ED0ABF0C1FC7EBA300A3B370 /* Info.plist */ = {isa = PBXFileReference; lastKnownFileType = text.plist.xml; path = Info.plist; sourceTree = "<group>"; };
		ED0ABF111FC7EBA300A3B370 /* PeekPopUITests.xctest */ = {isa = PBXFileReference; explicitFileType = wrapper.cfbundle; includeInIndex = 0; path = PeekPopUITests.xctest; sourceTree = BUILT_PRODUCTS_DIR; };
		ED0ABF151FC7EBA300A3B370 /* PeekPopUITests.swift */ = {isa = PBXFileReference; lastKnownFileType = sourcecode.swift; path = PeekPopUITests.swift; sourceTree = "<group>"; };
		ED0ABF171FC7EBA300A3B370 /* Info.plist */ = {isa = PBXFileReference; lastKnownFileType = text.plist.xml; path = Info.plist; sourceTree = "<group>"; };
/* End PBXFileReference section */

/* Begin PBXFrameworksBuildPhase section */
		ED0ABEEC1FC7EBA200A3B370 /* Frameworks */ = {
			isa = PBXFrameworksBuildPhase;
			buildActionMask = 2147483647;
			files = (
			);
			runOnlyForDeploymentPostprocessing = 0;
		};
		ED0ABF031FC7EBA300A3B370 /* Frameworks */ = {
			isa = PBXFrameworksBuildPhase;
			buildActionMask = 2147483647;
			files = (
			);
			runOnlyForDeploymentPostprocessing = 0;
		};
		ED0ABF0E1FC7EBA300A3B370 /* Frameworks */ = {
			isa = PBXFrameworksBuildPhase;
			buildActionMask = 2147483647;
			files = (
			);
			runOnlyForDeploymentPostprocessing = 0;
		};
/* End PBXFrameworksBuildPhase section */

/* Begin PBXGroup section */
		ED0ABEE61FC7EBA200A3B370 = {
			isa = PBXGroup;
			children = (
				ED0ABEF11FC7EBA200A3B370 /* PeekPop */,
				ED0ABF091FC7EBA300A3B370 /* PeekPopTests */,
				ED0ABF141FC7EBA300A3B370 /* PeekPopUITests */,
				ED0ABEF01FC7EBA200A3B370 /* Products */,
			);
			sourceTree = "<group>";
		};
		ED0ABEF01FC7EBA200A3B370 /* Products */ = {
			isa = PBXGroup;
			children = (
				ED0ABEEF1FC7EBA200A3B370 /* PeekPop.app */,
				ED0ABF061FC7EBA300A3B370 /* PeekPopTests.xctest */,
				ED0ABF111FC7EBA300A3B370 /* PeekPopUITests.xctest */,
			);
			name = Products;
			sourceTree = "<group>";
		};
		ED0ABEF11FC7EBA200A3B370 /* PeekPop */ = {
			isa = PBXGroup;
			children = (
				ED0ABEF21FC7EBA200A3B370 /* AppDelegate.swift */,
				ED0ABEF41FC7EBA200A3B370 /* ViewController.swift */,
				ED0ABEF61FC7EBA200A3B370 /* Main.storyboard */,
				ED0ABEFC1FC7EBA200A3B370 /* Assets.xcassets */,
				ED0ABEFE1FC7EBA200A3B370 /* LaunchScreen.storyboard */,
				ED0ABF011FC7EBA200A3B370 /* Info.plist */,
				ED0ABEF91FC7EBA200A3B370 /* PeekPop.xcdatamodeld */,
			);
			path = PeekPop;
			sourceTree = "<group>";
		};
		ED0ABF091FC7EBA300A3B370 /* PeekPopTests */ = {
			isa = PBXGroup;
			children = (
				ED0ABF0A1FC7EBA300A3B370 /* PeekPopTests.swift */,
				ED0ABF0C1FC7EBA300A3B370 /* Info.plist */,
			);
			path = PeekPopTests;
			sourceTree = "<group>";
		};
		ED0ABF141FC7EBA300A3B370 /* PeekPopUITests */ = {
			isa = PBXGroup;
			children = (
				ED0ABF151FC7EBA300A3B370 /* PeekPopUITests.swift */,
				ED0ABF171FC7EBA300A3B370 /* Info.plist */,
			);
			path = PeekPopUITests;
			sourceTree = "<group>";
		};
/* End PBXGroup section */

/* Begin PBXNativeTarget section */
		ED0ABEEE1FC7EBA200A3B370 /* PeekPop */ = {
			isa = PBXNativeTarget;
			buildConfigurationList = ED0ABF1A1FC7EBA300A3B370 /* Build configuration list for PBXNativeTarget "PeekPop" */;
			buildPhases = (
				ED0ABEEB1FC7EBA200A3B370 /* Sources */,
				ED0ABEEC1FC7EBA200A3B370 /* Frameworks */,
				ED0ABEED1FC7EBA200A3B370 /* Resources */,
			);
			buildRules = (
			);
			dependencies = (
			);
			name = PeekPop;
			productName = PeekPop;
			productReference = ED0ABEEF1FC7EBA200A3B370 /* PeekPop.app */;
			productType = "com.apple.product-type.application";
		};
		ED0ABF051FC7EBA300A3B370 /* PeekPopTests */ = {
			isa = PBXNativeTarget;
			buildConfigurationList = ED0ABF1D1FC7EBA300A3B370 /* Build configuration list for PBXNativeTarget "PeekPopTests" */;
			buildPhases = (
				ED0ABF021FC7EBA300A3B370 /* Sources */,
				ED0ABF031FC7EBA300A3B370 /* Frameworks */,
				ED0ABF041FC7EBA300A3B370 /* Resources */,
			);
			buildRules = (
			);
			dependencies = (
				ED0ABF081FC7EBA300A3B370 /* PBXTargetDependency */,
			);
			name = PeekPopTests;
			productName = PeekPopTests;
			productReference = ED0ABF061FC7EBA300A3B370 /* PeekPopTests.xctest */;
			productType = "com.apple.product-type.bundle.unit-test";
		};
		ED0ABF101FC7EBA300A3B370 /* PeekPopUITests */ = {
			isa = PBXNativeTarget;
			buildConfigurationList = ED0ABF201FC7EBA300A3B370 /* Build configuration list for PBXNativeTarget "PeekPopUITests" */;
			buildPhases = (
				ED0ABF0D1FC7EBA300A3B370 /* Sources */,
				ED0ABF0E1FC7EBA300A3B370 /* Frameworks */,
				ED0ABF0F1FC7EBA300A3B370 /* Resources */,
			);
			buildRules = (
			);
			dependencies = (
				ED0ABF131FC7EBA300A3B370 /* PBXTargetDependency */,
			);
			name = PeekPopUITests;
			productName = PeekPopUITests;
			productReference = ED0ABF111FC7EBA300A3B370 /* PeekPopUITests.xctest */;
			productType = "com.apple.product-type.bundle.ui-testing";
		};
/* End PBXNativeTarget section */

/* Begin PBXProject section */
		ED0ABEE71FC7EBA200A3B370 /* Project object */ = {
			isa = PBXProject;
			attributes = {
				LastSwiftUpdateCheck = 0910;
				LastUpgradeCheck = 0910;
				ORGANIZATIONNAME = "Neftali Samarey";
				TargetAttributes = {
					ED0ABEEE1FC7EBA200A3B370 = {
						CreatedOnToolsVersion = 9.1;
						ProvisioningStyle = Automatic;
					};
					ED0ABF051FC7EBA300A3B370 = {
						CreatedOnToolsVersion = 9.1;
						ProvisioningStyle = Automatic;
						TestTargetID = ED0ABEEE1FC7EBA200A3B370;
					};
					ED0ABF101FC7EBA300A3B370 = {
						CreatedOnToolsVersion = 9.1;
						ProvisioningStyle = Automatic;
						TestTargetID = ED0ABEEE1FC7EBA200A3B370;
					};
				};
			};
			buildConfigurationList = ED0ABEEA1FC7EBA200A3B370 /* Build configuration list for PBXProject "PeekPop" */;
			compatibilityVersion = "Xcode 8.0";
			developmentRegion = en;
			hasScannedForEncodings = 0;
			knownRegions = (
				en,
				Base,
			);
			mainGroup = ED0ABEE61FC7EBA200A3B370;
			productRefGroup = ED0ABEF01FC7EBA200A3B370 /* Products */;
			projectDirPath = "";
			projectRoot = "";
			targets = (
				ED0ABEEE1FC7EBA200A3B370 /* PeekPop */,
				ED0ABF051FC7EBA300A3B370 /* PeekPopTests */,
				ED0ABF101FC7EBA300A3B370 /* PeekPopUITests */,
			);
		};
/* End PBXProject section */

/* Begin PBXResourcesBuildPhase section */
		ED0ABEED1FC7EBA200A3B370 /* Resources */ = {
			isa = PBXResourcesBuildPhase;
			buildActionMask = 2147483647;
			files = (
				ED0ABF001FC7EBA200A3B370 /* LaunchScreen.storyboard in Resources */,
				ED0ABEFD1FC7EBA200A3B370 /* Assets.xcassets in Resources */,
				ED0ABEF81FC7EBA200A3B370 /* Main.storyboard in Resources */,
			);
			runOnlyForDeploymentPostprocessing = 0;
		};
		ED0ABF041FC7EBA300A3B370 /* Resources */ = {
			isa = PBXResourcesBuildPhase;
			buildActionMask = 2147483647;
			files = (
			);
			runOnlyForDeploymentPostprocessing = 0;
		};
		ED0ABF0F1FC7EBA300A3B370 /* Resources */ = {
			isa = PBXResourcesBuildPhase;
			buildActionMask = 2147483647;
			files = (
			);
			runOnlyForDeploymentPostprocessing = 0;
		};
/* End PBXResourcesBuildPhase section */

/* Begin PBXSourcesBuildPhase section */
		ED0ABEEB1FC7EBA200A3B370 /* Sources */ = {
			isa = PBXSourcesBuildPhase;
			buildActionMask = 2147483647;
			files = (
				ED0ABEF51FC7EBA200A3B370 /* ViewController.swift in Sources */,
				ED0ABEF31FC7EBA200A3B370 /* AppDelegate.swift in Sources */,
				ED0ABEFB1FC7EBA200A3B370 /* PeekPop.xcdatamodeld in Sources */,
			);
			runOnlyForDeploymentPostprocessing = 0;
		};
		ED0ABF021FC7EBA300A3B370 /* Sources */ = {
			isa = PBXSourcesBuildPhase;
			buildActionMask = 2147483647;
			files = (
				ED0ABF0B1FC7EBA300A3B370 /* PeekPopTests.swift in Sources */,
			);
			runOnlyForDeploymentPostprocessing = 0;
		};
		ED0ABF0D1FC7EBA300A3B370 /* Sources */ = {
			isa = PBXSourcesBuildPhase;
			buildActionMask = 2147483647;
			files = (
				ED0ABF161FC7EBA300A3B370 /* PeekPopUITests.swift in Sources */,
			);
			runOnlyForDeploymentPostprocessing = 0;
		};
/* End PBXSourcesBuildPhase section */

/* Begin PBXTargetDependency section */
		ED0ABF081FC7EBA300A3B370 /* PBXTargetDependency */ = {
			isa = PBXTargetDependency;
			target = ED0ABEEE1FC7EBA200A3B370 /* PeekPop */;
			targetProxy = ED0ABF071FC7EBA300A3B370 /* PBXContainerItemProxy */;
		};
		ED0ABF131FC7EBA300A3B370 /* PBXTargetDependency */ = {
			isa = PBXTargetDependency;
			target = ED0ABEEE1FC7EBA200A3B370 /* PeekPop */;
			targetProxy = ED0ABF121FC7EBA300A3B370 /* PBXContainerItemProxy */;
		};
/* End PBXTargetDependency section */

/* Begin PBXVariantGroup section */
		ED0ABEF61FC7EBA200A3B370 /* Main.storyboard */ = {
			isa = PBXVariantGroup;
			children = (
				ED0ABEF71FC7EBA200A3B370 /* Base */,
			);
			name = Main.storyboard;
			sourceTree = "<group>";
		};
		ED0ABEFE1FC7EBA200A3B370 /* LaunchScreen.storyboard */ = {
			isa = PBXVariantGroup;
			children = (
				ED0ABEFF1FC7EBA200A3B370 /* Base */,
			);
			name = LaunchScreen.storyboard;
			sourceTree = "<group>";
		};
/* End PBXVariantGroup section */

/* Begin XCBuildConfiguration section */
		ED0ABF181FC7EBA300A3B370 /* Debug */ = {
			isa = XCBuildConfiguration;
			buildSettings = {
				ALWAYS_SEARCH_USER_PATHS = NO;
				CLANG_ANALYZER_NONNULL = YES;
				CLANG_ANALYZER_NUMBER_OBJECT_CONVERSION = YES_AGGRESSIVE;
				CLANG_CXX_LANGUAGE_STANDARD = "gnu++14";
				CLANG_CXX_LIBRARY = "libc++";
				CLANG_ENABLE_MODULES = YES;
				CLANG_ENABLE_OBJC_ARC = YES;
				CLANG_WARN_BLOCK_CAPTURE_AUTORELEASING = YES;
				CLANG_WARN_BOOL_CONVERSION = YES;
				CLANG_WARN_COMMA = YES;
				CLANG_WARN_CONSTANT_CONVERSION = YES;
				CLANG_WARN_DIRECT_OBJC_ISA_USAGE = YES_ERROR;
				CLANG_WARN_DOCUMENTATION_COMMENTS = YES;
				CLANG_WARN_EMPTY_BODY = YES;
				CLANG_WARN_ENUM_CONVERSION = YES;
				CLANG_WARN_INFINITE_RECURSION = YES;
				CLANG_WARN_INT_CONVERSION = YES;
				CLANG_WARN_NON_LITERAL_NULL_CONVERSION = YES;
				CLANG_WARN_OBJC_LITERAL_CONVERSION = YES;
				CLANG_WARN_OBJC_ROOT_CLASS = YES_ERROR;
				CLANG_WARN_RANGE_LOOP_ANALYSIS = YES;
				CLANG_WARN_STRICT_PROTOTYPES = YES;
				CLANG_WARN_SUSPICIOUS_MOVE = YES;
				CLANG_WARN_UNGUARDED_AVAILABILITY = YES_AGGRESSIVE;
				CLANG_WARN_UNREACHABLE_CODE = YES;
				CLANG_WARN__DUPLICATE_METHOD_MATCH = YES;
				CODE_SIGN_IDENTITY = "iPhone Developer";
				COPY_PHASE_STRIP = NO;
				DEBUG_INFORMATION_FORMAT = dwarf;
				ENABLE_STRICT_OBJC_MSGSEND = YES;
				ENABLE_TESTABILITY = YES;
				GCC_C_LANGUAGE_STANDARD = gnu11;
				GCC_DYNAMIC_NO_PIC = NO;
				GCC_NO_COMMON_BLOCKS = YES;
				GCC_OPTIMIZATION_LEVEL = 0;
				GCC_PREPROCESSOR_DEFINITIONS = (
					"DEBUG=1",
					"$(inherited)",
				);
				GCC_WARN_64_TO_32_BIT_CONVERSION = YES;
				GCC_WARN_ABOUT_RETURN_TYPE = YES_ERROR;
				GCC_WARN_UNDECLARED_SELECTOR = YES;
				GCC_WARN_UNINITIALIZED_AUTOS = YES_AGGRESSIVE;
				GCC_WARN_UNUSED_FUNCTION = YES;
				GCC_WARN_UNUSED_VARIABLE = YES;
				IPHONEOS_DEPLOYMENT_TARGET = 11.1;
				MTL_ENABLE_DEBUG_INFO = YES;
				ONLY_ACTIVE_ARCH = YES;
				SDKROOT = iphoneos;
				SWIFT_ACTIVE_COMPILATION_CONDITIONS = DEBUG;
				SWIFT_OPTIMIZATION_LEVEL = "-Onone";
			};
			name = Debug;
		};
		ED0ABF191FC7EBA300A3B370 /* Release */ = {
			isa = XCBuildConfiguration;
			buildSettings = {
				ALWAYS_SEARCH_USER_PATHS = NO;
				CLANG_ANALYZER_NONNULL = YES;
				CLANG_ANALYZER_NUMBER_OBJECT_CONVERSION = YES_AGGRESSIVE;
				CLANG_CXX_LANGUAGE_STANDARD = "gnu++14";
				CLANG_CXX_LIBRARY = "libc++";
				CLANG_ENABLE_MODULES = YES;
				CLANG_ENABLE_OBJC_ARC = YES;
				CLANG_WARN_BLOCK_CAPTURE_AUTORELEASING = YES;
				CLANG_WARN_BOOL_CONVERSION = YES;
				CLANG_WARN_COMMA = YES;
				CLANG_WARN_CONSTANT_CONVERSION = YES;
				CLANG_WARN_DIRECT_OBJC_ISA_USAGE = YES_ERROR;
				CLANG_WARN_DOCUMENTATION_COMMENTS = YES;
				CLANG_WARN_EMPTY_BODY = YES;
				CLANG_WARN_ENUM_CONVERSION = YES;
				CLANG_WARN_INFINITE_RECURSION = YES;
				CLANG_WARN_INT_CONVERSION = YES;
				CLANG_WARN_NON_LITERAL_NULL_CONVERSION = YES;
				CLANG_WARN_OBJC_LITERAL_CONVERSION = YES;
				CLANG_WARN_OBJC_ROOT_CLASS = YES_ERROR;
				CLANG_WARN_RANGE_LOOP_ANALYSIS = YES;
				CLANG_WARN_STRICT_PROTOTYPES = YES;
				CLANG_WARN_SUSPICIOUS_MOVE = YES;
				CLANG_WARN_UNGUARDED_AVAILABILITY = YES_AGGRESSIVE;
				CLANG_WARN_UNREACHABLE_CODE = YES;
				CLANG_WARN__DUPLICATE_METHOD_MATCH = YES;
				CODE_SIGN_IDENTITY = "iPhone Developer";
				COPY_PHASE_STRIP = NO;
				DEBUG_INFORMATION_FORMAT = "dwarf-with-dsym";
				ENABLE_NS_ASSERTIONS = NO;
				ENABLE_STRICT_OBJC_MSGSEND = YES;
				GCC_C_LANGUAGE_STANDARD = gnu11;
				GCC_NO_COMMON_BLOCKS = YES;
				GCC_WARN_64_TO_32_BIT_CONVERSION = YES;
				GCC_WARN_ABOUT_RETURN_TYPE = YES_ERROR;
				GCC_WARN_UNDECLARED_SELECTOR = YES;
				GCC_WARN_UNINITIALIZED_AUTOS = YES_AGGRESSIVE;
				GCC_WARN_UNUSED_FUNCTION = YES;
				GCC_WARN_UNUSED_VARIABLE = YES;
				IPHONEOS_DEPLOYMENT_TARGET = 11.1;
				MTL_ENABLE_DEBUG_INFO = NO;
				SDKROOT = iphoneos;
				SWIFT_OPTIMIZATION_LEVEL = "-Owholemodule";
				VALIDATE_PRODUCT = YES;
			};
			name = Release;
		};
		ED0ABF1B1FC7EBA300A3B370 /* Debug */ = {
			isa = XCBuildConfiguration;
			buildSettings = {
				ASSETCATALOG_COMPILER_APPICON_NAME = AppIcon;
				CODE_SIGN_STYLE = Automatic;
				DEVELOPMENT_TEAM = X752JDEFHP;
				INFOPLIST_FILE = PeekPop/Info.plist;
				LD_RUNPATH_SEARCH_PATHS = "$(inherited) @executable_path/Frameworks";
				PRODUCT_BUNDLE_IDENTIFIER = ReactorApps.PeekPop;
				PRODUCT_NAME = "$(TARGET_NAME)";
				SWIFT_VERSION = 4.0;
				TARGETED_DEVICE_FAMILY = "1,2";
			};
			name = Debug;
		};
		ED0ABF1C1FC7EBA300A3B370 /* Release */ = {
			isa = XCBuildConfiguration;
			buildSettings = {
				ASSETCATALOG_COMPILER_APPICON_NAME = AppIcon;
				CODE_SIGN_STYLE = Automatic;
				DEVELOPMENT_TEAM = X752JDEFHP;
				INFOPLIST_FILE = PeekPop/Info.plist;
				LD_RUNPATH_SEARCH_PATHS = "$(inherited) @executable_path/Frameworks";
				PRODUCT_BUNDLE_IDENTIFIER = ReactorApps.PeekPop;
				PRODUCT_NAME = "$(TARGET_NAME)";
				SWIFT_VERSION = 4.0;
				TARGETED_DEVICE_FAMILY = "1,2";
			};
			name = Release;
		};
		ED0ABF1E1FC7EBA300A3B370 /* Debug */ = {
			isa = XCBuildConfiguration;
			buildSettings = {
				ALWAYS_EMBED_SWIFT_STANDARD_LIBRARIES = YES;
				BUNDLE_LOADER = "$(TEST_HOST)";
				CODE_SIGN_STYLE = Automatic;
				DEVELOPMENT_TEAM = X752JDEFHP;
				INFOPLIST_FILE = PeekPopTests/Info.plist;
				LD_RUNPATH_SEARCH_PATHS = "$(inherited) @executable_path/Frameworks @loader_path/Frameworks";
				PRODUCT_BUNDLE_IDENTIFIER = ReactorApps.PeekPopTests;
				PRODUCT_NAME = "$(TARGET_NAME)";
				SWIFT_VERSION = 4.0;
				TARGETED_DEVICE_FAMILY = "1,2";
				TEST_HOST = "$(BUILT_PRODUCTS_DIR)/PeekPop.app/PeekPop";
			};
			name = Debug;
		};
		ED0ABF1F1FC7EBA300A3B370 /* Release */ = {
			isa = XCBuildConfiguration;
			buildSettings = {
				ALWAYS_EMBED_SWIFT_STANDARD_LIBRARIES = YES;
				BUNDLE_LOADER = "$(TEST_HOST)";
				CODE_SIGN_STYLE = Automatic;
				DEVELOPMENT_TEAM = X752JDEFHP;
				INFOPLIST_FILE = PeekPopTests/Info.plist;
				LD_RUNPATH_SEARCH_PATHS = "$(inherited) @executable_path/Frameworks @loader_path/Frameworks";
				PRODUCT_BUNDLE_IDENTIFIER = ReactorApps.PeekPopTests;
				PRODUCT_NAME = "$(TARGET_NAME)";
				SWIFT_VERSION = 4.0;
				TARGETED_DEVICE_FAMILY = "1,2";
				TEST_HOST = "$(BUILT_PRODUCTS_DIR)/PeekPop.app/PeekPop";
			};
			name = Release;
		};
		ED0ABF211FC7EBA300A3B370 /* Debug */ = {
			isa = XCBuildConfiguration;
			buildSettings = {
				ALWAYS_EMBED_SWIFT_STANDARD_LIBRARIES = YES;
				CODE_SIGN_STYLE = Automatic;
				DEVELOPMENT_TEAM = X752JDEFHP;
				INFOPLIST_FILE = PeekPopUITests/Info.plist;
				LD_RUNPATH_SEARCH_PATHS = "$(inherited) @executable_path/Frameworks @loader_path/Frameworks";
				PRODUCT_BUNDLE_IDENTIFIER = ReactorApps.PeekPopUITests;
				PRODUCT_NAME = "$(TARGET_NAME)";
				SWIFT_VERSION = 4.0;
				TARGETED_DEVICE_FAMILY = "1,2";
				TEST_TARGET_NAME = PeekPop;
			};
			name = Debug;
		};
		ED0ABF221FC7EBA300A3B370 /* Release */ = {
			isa = XCBuildConfiguration;
			buildSettings = {
				ALWAYS_EMBED_SWIFT_STANDARD_LIBRARIES = YES;
				CODE_SIGN_STYLE = Automatic;
				DEVELOPMENT_TEAM = X752JDEFHP;
				INFOPLIST_FILE = PeekPopUITests/Info.plist;
				LD_RUNPATH_SEARCH_PATHS = "$(inherited) @executable_path/Frameworks @loader_path/Frameworks";
				PRODUCT_BUNDLE_IDENTIFIER = ReactorApps.PeekPopUITests;
				PRODUCT_NAME = "$(TARGET_NAME)";
				SWIFT_VERSION = 4.0;
				TARGETED_DEVICE_FAMILY = "1,2";
				TEST_TARGET_NAME = PeekPop;
			};
			name = Release;
		};
/* End XCBuildConfiguration section */

/* Begin XCConfigurationList section */
		ED0ABEEA1FC7EBA200A3B370 /* Build configuration list for PBXProject "PeekPop" */ = {
			isa = XCConfigurationList;
			buildConfigurations = (
				ED0ABF181FC7EBA300A3B370 /* Debug */,
				ED0ABF191FC7EBA300A3B370 /* Release */,
			);
			defaultConfigurationIsVisible = 0;
			defaultConfigurationName = Release;
		};
		ED0ABF1A1FC7EBA300A3B370 /* Build configuration list for PBXNativeTarget "PeekPop" */ = {
			isa = XCConfigurationList;
			buildConfigurations = (
				ED0ABF1B1FC7EBA300A3B370 /* Debug */,
				ED0ABF1C1FC7EBA300A3B370 /* Release */,
			);
			defaultConfigurationIsVisible = 0;
			defaultConfigurationName = Release;
		};
		ED0ABF1D1FC7EBA300A3B370 /* Build configuration list for PBXNativeTarget "PeekPopTests" */ = {
			isa = XCConfigurationList;
			buildConfigurations = (
				ED0ABF1E1FC7EBA300A3B370 /* Debug */,
				ED0ABF1F1FC7EBA300A3B370 /* Release */,
			);
			defaultConfigurationIsVisible = 0;
			defaultConfigurationName = Release;
		};
		ED0ABF201FC7EBA300A3B370 /* Build configuration list for PBXNativeTarget "PeekPopUITests" */ = {
			isa = XCConfigurationList;
			buildConfigurations = (
				ED0ABF211FC7EBA300A3B370 /* Debug */,
				ED0ABF221FC7EBA300A3B370 /* Release */,
			);
			defaultConfigurationIsVisible = 0;
			defaultConfigurationName = Release;
		};
/* End XCConfigurationList section */

/* Begin XCVersionGroup section */
		ED0ABEF91FC7EBA200A3B370 /* PeekPop.xcdatamodeld */ = {
			isa = XCVersionGroup;
			children = (
				ED0ABEFA1FC7EBA200A3B370 /* PeekPop.xcdatamodel */,
			);
			currentVersion = ED0ABEFA1FC7EBA200A3B370 /* PeekPop.xcdatamodel */;
			path = PeekPop.xcdatamodeld;
			sourceTree = "<group>";
			versionGroupType = wrapper.xcdatamodel;
		};
/* End XCVersionGroup section */
	};
	rootObject = ED0ABEE71FC7EBA200A3B370 /* Project object */;
}
